
Microsoft Visual Studio Solution File, Format Version 12.00
# Visual Studio Version 17
VisualStudioVersion = 17.14.36109.1 d17.14
MinimumVisualStudioVersion = 10.0.40219.1
Project("{FAE04EC0-301F-11D3-BF4B-00C04F79EFBC}") = "Prototipo", "Prototipo\Prototipo.csproj", "{BF9B439E-0B6D-4A74-A831-8E48260D2F44}"
EndProject
Global
	GlobalSection(SolutionConfigurationPlatforms) = preSolution
		Debug|Any CPU = Debug|Any CPU
		Release|Any CPU = Release|Any CPU
	EndGlobalSection
	GlobalSection(ProjectConfigurationPlatforms) = postSolution
		{BF9B439E-0B6D-4A74-A831-8E48260D2F44}.Debug|Any CPU.ActiveCfg = Debug|Any CPU
		{BF9B439E-0B6D-4A74-A831-8E48260D2F44}.Debug|Any CPU.Build.0 = Debug|Any CPU
		{BF9B439E-0B6D-4A74-A831-8E48260D2F44}.Release|Any CPU.ActiveCfg = Release|Any CPU
		{BF9B439E-0B6D-4A74-A831-8E48260D2F44}.Release|Any CPU.Build.0 = Release|Any CPU
	EndGlobalSection
	GlobalSection(SolutionProperties) = preSolution
		HideSolutionNode = FALSE
	EndGlobalSection
	GlobalSection(ExtensibilityGlobals) = postSolution
		SolutionGuid = {AEEF17EE-90CB-4F4A-AB1D-6D41260CE8FF}
	EndGlobalSection
EndGlobal
